{
  "name": "node",
  "version": "1.0.0",
  "lockfileVersion": 1,
  "requires": true,
  "dependencies": {
    "vue": {
      "version": "2.6.14",
      "resolved": "https://registry.npmjs.org/vue/-/vue-2.6.14.tgz",
      "integrity": "sha512-x2284lgYvjOMj3Za7kqzRcUSxBboHqtgRE2zlos1qWaOye5yUmHn42LB1250NJBLRwEcdrB0JRwyPTEPhfQjiQ=="
    },
    "vuetify": {
      "version": "2.5.8",
      "resolved": "https://registry.npmjs.org/vuetify/-/vuetify-2.5.8.tgz",
      "integrity": "sha512-paLmNhKTYFD41+14rIHnCo+P1jHbUzwBiMowxs5qXVq8RdRMqRmcy05Sfse1WUu90amPGK2fIFQq5rL2N8zqZg=="
    }
  }
}
